# THIS IS AN AUTOGENERATED FILE. DO NOT EDIT THIS FILE DIRECTLY.
# yarn lockfile v1


"@babel/runtime@^7.3.1", "@babel/runtime@^7.8.3":
  version "7.28.6"
  resolved "https://registry.yarnpkg.com/@babel/runtime/-/runtime-7.28.6.tgz#d267a43cb1836dc4d182cce93ae75ba954ef6d2b"
  integrity sha512-05WQkdpL9COIMz4LjTxGpPNCdlpyimKppYNoJ5Di5EUObifl8t4tuLuUBBZEpoLYOmfvIWrsp9fCl0HoPRVTdA==

"@memori-dev/lm@file:../../../lm":
  version "0.0.1"

"@types/bun@latest":
  version "1.3.8"
  resolved "https://registry.yarnpkg.com/@types/bun/-/bun-1.3.8.tgz#d9171cc6328592b30ce02a31443bbd02aad55187"
  integrity sha512-3LvWJ2q5GerAXYxO2mffLTqOzEu5qnhEAlh48Vnu8WQfnmSwbgagjGZV6BoHKJztENYEDn6QmVd949W4uESRJA==
  dependencies:
    bun-types "1.3.8"

"@types/node@*":
  version "25.2.0"
  resolved "https://registry.yarnpkg.com/@types/node/-/node-25.2.0.tgz#015b7d228470c1dcbfc17fe9c63039d216b4d782"
  integrity sha512-DZ8VwRFUNzuqJ5khrvwMXHmvPe+zGayJhr2CDNiKB1WBE1ST8Djl00D0IC4vvNmHMdj6DlbYRIaFE7WHjlDl5w==
  dependencies:
    undici-types "~7.16.0"

bun-types@1.3.8:
  version "1.3.8"
  resolved "https://registry.yarnpkg.com/bun-types/-/bun-types-1.3.8.tgz#a2fd106c035594354fdb6df0dee9aafb8cdf7d16"
  integrity sha512-fL99nxdOWvV4LqjmC+8Q9kW3M4QTtTR1eePs94v5ctGqU8OeceWrSUaRw3JYb7tU3FkMIAjkueehrHPPPGKi5Q==
  dependencies:
    "@types/node" "*"

css-vendor@^2.0.8:
  version "2.0.8"
  resolved "https://registry.yarnpkg.com/css-vendor/-/css-vendor-2.0.8.tgz#e47f91d3bd3117d49180a3c935e62e3d9f7f449d"
  integrity sha512-x9Aq0XTInxrkuFeHKbYC7zWY8ai7qJ04Kxd9MnvbC1uO5DagxoHQjm4JvG+vCdXOoFtCjbL2XSZfxmoYa9uQVQ==
  dependencies:
    "@babel/runtime" "^7.8.3"
    is-in-browser "^1.0.2"

csstype@^3.0.2:
  version "3.2.3"
  resolved "https://registry.yarnpkg.com/csstype/-/csstype-3.2.3.tgz#ec48c0f3e993e50648c86da559e2610995cf989a"
  integrity sha512-z1HGKcYy2xA8AGQfwrn0PAy+PB7X/GSj3UVJW9qKyn43xWa+gl5nXmU4qqLMRzWVLFC8KusUX8T/0kCiOYpAIQ==

hyphenate-style-name@^1.0.3:
  version "1.1.0"
  resolved "https://registry.yarnpkg.com/hyphenate-style-name/-/hyphenate-style-name-1.1.0.tgz#1797bf50369588b47b72ca6d5e65374607cf4436"
  integrity sha512-WDC/ui2VVRrz3jOVi+XtjqkDjiVjTtFaAGiW37k6b+ohyQ5wYDOGkvCZa8+H0nx3gyvv0+BST9xuOgIyGQ00gw==

is-in-browser@^1.0.2, is-in-browser@^1.1.3:
  version "1.1.3"
  resolved "https://registry.yarnpkg.com/is-in-browser/-/is-in-browser-1.1.3.tgz#56ff4db683a078c6082eb95dad7dc62e1d04f835"
  integrity sha512-FeXIBgG/CPGd/WUxuEyvgGTEfwiG9Z4EKGxjNMRqviiIIfsmgrpnHLffEDdwUHqNva1VEW91o3xBT/m8Elgl9g==

jss-plugin-camel-case@10.10.0:
  version "10.10.0"
  resolved "https://registry.yarnpkg.com/jss-plugin-camel-case/-/jss-plugin-camel-case-10.10.0.tgz#27ea159bab67eb4837fa0260204eb7925d4daa1c"
  integrity sha512-z+HETfj5IYgFxh1wJnUAU8jByI48ED+v0fuTuhKrPR+pRBYS2EDwbusU8aFOpCdYhtRc9zhN+PJ7iNE8pAWyPw==
  dependencies:
    "@babel/runtime" "^7.3.1"
    hyphenate-style-name "^1.0.3"
    jss "10.10.0"

jss-plugin-compose@10.10.0:
  version "10.10.0"
  resolved "https://registry.yarnpkg.com/jss-plugin-compose/-/jss-plugin-compose-10.10.0.tgz#00d7a79adf7fcfe4927a792febdf0deceb0a7cd2"
  integrity sha512-F5kgtWpI2XfZ3Z8eP78tZEYFdgTIbpA/TMuX3a8vwrNolYtN1N4qJR/Ob0LAsqIwCMLojtxN7c7Oo/+Vz6THow==
  dependencies:
    "@babel/runtime" "^7.3.1"
    jss "10.10.0"
    tiny-warning "^1.0.2"

jss-plugin-default-unit@10.10.0:
  version "10.10.0"
  resolved "https://registry.yarnpkg.com/jss-plugin-default-unit/-/jss-plugin-default-unit-10.10.0.tgz#db3925cf6a07f8e1dd459549d9c8aadff9804293"
  integrity sha512-SvpajxIECi4JDUbGLefvNckmI+c2VWmP43qnEy/0eiwzRUsafg5DVSIWSzZe4d2vFX1u9nRDP46WCFV/PXVBGQ==
  dependencies:
    "@babel/runtime" "^7.3.1"
    jss "10.10.0"

jss-plugin-expand@10.10.0:
  version "10.10.0"
  resolved "https://registry.yarnpkg.com/jss-plugin-expand/-/jss-plugin-expand-10.10.0.tgz#5debd80554174ca2d9b9e38d85d4cb6f3e0393ab"
  integrity sha512-ymT62W2OyDxBxr7A6JR87vVX9vTq2ep5jZLIdUSusfBIEENLdkkc0lL/Xaq8W9s3opUq7R0sZQpzRWELrfVYzA==
  dependencies:
    "@babel/runtime" "^7.3.1"
    jss "10.10.0"

jss-plugin-extend@10.10.0:
  version "10.10.0"
  resolved "https://registry.yarnpkg.com/jss-plugin-extend/-/jss-plugin-extend-10.10.0.tgz#94eb450847a8941777e77ea4533a579c1c578430"
  integrity sha512-sKYrcMfr4xxigmIwqTjxNcHwXJIfvhvjTNxF+Tbc1NmNdyspGW47Ey6sGH8BcQ4FFQhLXctpWCQSpDwdNmXSwg==
  dependencies:
    "@babel/runtime" "^7.3.1"
    jss "10.10.0"
    tiny-warning "^1.0.2"

jss-plugin-global@10.10.0:
  version "10.10.0"
  resolved "https://registry.yarnpkg.com/jss-plugin-global/-/jss-plugin-global-10.10.0.tgz#1c55d3c35821fab67a538a38918292fc9c567efd"
  integrity sha512-icXEYbMufiNuWfuazLeN+BNJO16Ge88OcXU5ZDC2vLqElmMybA31Wi7lZ3lf+vgufRocvPj8443irhYRgWxP+A==
  dependencies:
    "@babel/runtime" "^7.3.1"
    jss "10.10.0"

jss-plugin-nested@10.10.0:
  version "10.10.0"
  resolved "https://registry.yarnpkg.com/jss-plugin-nested/-/jss-plugin-nested-10.10.0.tgz#db872ed8925688806e77f1fc87f6e62264513219"
  integrity sha512-9R4JHxxGgiZhurDo3q7LdIiDEgtA1bTGzAbhSPyIOWb7ZubrjQe8acwhEQ6OEKydzpl8XHMtTnEwHXCARLYqYA==
  dependencies:
    "@babel/runtime" "^7.3.1"
    jss "10.10.0"
    tiny-warning "^1.0.2"

jss-plugin-props-sort@10.10.0:
  version "10.10.0"
  resolved "https://registry.yarnpkg.com/jss-plugin-props-sort/-/jss-plugin-props-sort-10.10.0.tgz#67f4dd4c70830c126f4ec49b4b37ccddb680a5d7"
  integrity sha512-5VNJvQJbnq/vRfje6uZLe/FyaOpzP/IH1LP+0fr88QamVrGJa0hpRRyAa0ea4U/3LcorJfBFVyC4yN2QC73lJg==
  dependencies:
    "@babel/runtime" "^7.3.1"
    jss "10.10.0"

jss-plugin-rule-value-function@10.10.0:
  version "10.10.0"
  resolved "https://registry.yarnpkg.com/jss-plugin-rule-value-function/-/jss-plugin-rule-value-function-10.10.0.tgz#7d99e3229e78a3712f78ba50ab342e881d26a24b"
  integrity sha512-uEFJFgaCtkXeIPgki8ICw3Y7VMkL9GEan6SqmT9tqpwM+/t+hxfMUdU4wQ0MtOiMNWhwnckBV0IebrKcZM9C0g==
  dependencies:
    "@babel/runtime" "^7.3.1"
    jss "10.10.0"
    tiny-warning "^1.0.2"

jss-plugin-rule-value-observable@10.10.0:
  version "10.10.0"
  resolved "https://registry.yarnpkg.com/jss-plugin-rule-value-observable/-/jss-plugin-rule-value-observable-10.10.0.tgz#d17b28c4401156bbe4cd0c4a73a80aad70613e8b"
  integrity sha512-ZLMaYrR3QE+vD7nl3oNXuj79VZl9Kp8/u6A1IbTPDcuOu8b56cFdWRZNZ0vNr8jHewooEeq2doy8Oxtymr2ZPA==
  dependencies:
    "@babel/runtime" "^7.3.1"
    jss "10.10.0"
    symbol-observable "^1.2.0"

jss-plugin-template@10.10.0:
  version "10.10.0"
  resolved "https://registry.yarnpkg.com/jss-plugin-template/-/jss-plugin-template-10.10.0.tgz#072cda74a94c91b02d3a895d9e2408fd978ce033"
  integrity sha512-ocXZBIOJOA+jISPdsgkTs8wwpK6UbsvtZK5JI7VUggTD6LWKbtoxUzadd2TpfF+lEtlhUmMsCkTRNkITdPKa6w==
  dependencies:
    "@babel/runtime" "^7.3.1"
    jss "10.10.0"
    tiny-warning "^1.0.2"

jss-plugin-vendor-prefixer@10.10.0:
  version "10.10.0"
  resolved "https://registry.yarnpkg.com/jss-plugin-vendor-prefixer/-/jss-plugin-vendor-prefixer-10.10.0.tgz#c01428ef5a89f2b128ec0af87a314d0c767931c7"
  integrity sha512-UY/41WumgjW8r1qMCO8l1ARg7NHnfRVWRhZ2E2m0DMYsr2DD91qIXLyNhiX83hHswR7Wm4D+oDYNC1zWCJWtqg==
  dependencies:
    "@babel/runtime" "^7.3.1"
    css-vendor "^2.0.8"
    jss "10.10.0"

jss-preset-default@^10.10.0:
  version "10.10.0"
  resolved "https://registry.yarnpkg.com/jss-preset-default/-/jss-preset-default-10.10.0.tgz#c8209449a0f6d232526c2ba3a3a6ec69ee97e023"
  integrity sha512-GL175Wt2FGhjE+f+Y3aWh+JioL06/QWFgZp53CbNNq6ZkVU0TDplD8Bxm9KnkotAYn3FlplNqoW5CjyLXcoJ7Q==
  dependencies:
    "@babel/runtime" "^7.3.1"
    jss "10.10.0"
    jss-plugin-camel-case "10.10.0"
    jss-plugin-compose "10.10.0"
    jss-plugin-default-unit "10.10.0"
    jss-plugin-expand "10.10.0"
    jss-plugin-extend "10.10.0"
    jss-plugin-global "10.10.0"
    jss-plugin-nested "10.10.0"
    jss-plugin-props-sort "10.10.0"
    jss-plugin-rule-value-function "10.10.0"
    jss-plugin-rule-value-observable "10.10.0"
    jss-plugin-template "10.10.0"
    jss-plugin-vendor-prefixer "10.10.0"

jss@10.10.0, jss@^10.10.0:
  version "10.10.0"
  resolved "https://registry.yarnpkg.com/jss/-/jss-10.10.0.tgz#a75cc85b0108c7ac8c7b7d296c520a3e4fbc6ccc"
  integrity sha512-cqsOTS7jqPsPMjtKYDUpdFC0AbhYFLTcuGRqymgmdJIeQ8cH7+AgX7YSgQy79wXloZq2VvATYxUOUQEvS1V/Zw==
  dependencies:
    "@babel/runtime" "^7.3.1"
    csstype "^3.0.2"
    is-in-browser "^1.1.3"
    tiny-warning "^1.0.2"

symbol-observable@^1.2.0:
  version "1.2.0"
  resolved "https://registry.yarnpkg.com/symbol-observable/-/symbol-observable-1.2.0.tgz#c22688aed4eab3cdc2dfeacbb561660560a00804"
  integrity sha512-e900nM8RRtGhlV36KGEU9k65K3mPb1WV70OdjfxlG2EAuM1noi/E/BaW/uMhL7bPEssK8QV57vN3esixjUvcXQ==

tiny-warning@^1.0.2:
  version "1.0.3"
  resolved "https://registry.yarnpkg.com/tiny-warning/-/tiny-warning-1.0.3.tgz#94a30db453df4c643d0fd566060d60a875d84754"
  integrity sha512-lBN9zLN/oAf68o3zNXYrdCt1kP8WsiGW8Oo2ka41b2IM5JL/S1CTyX1rW0mb/zSuJun0ZUrDxx4sqvYS2FWzPA==

undici-types@~7.16.0:
  version "7.16.0"
  resolved "https://registry.yarnpkg.com/undici-types/-/undici-types-7.16.0.tgz#ffccdff36aea4884cbfce9a750a0580224f58a46"
  integrity sha512-Zz+aZWSj8LE6zoxD+xrjh4VfkIG8Ya6LvYkZqtUQGJPZjYl53ypCaUwWqo7eI0x66KBGeRo+mlBEkMSeSZ38Nw==
